
Microsoft Visual Studio Solution File, Format Version 12.00
# Visual Studio 2013
VisualStudioVersion = 12.0.31101.0
MinimumVisualStudioVersion = 10.0.40219.1
Project("{FAE04EC0-301F-11D3-BF4B-00C04F79EFBC}") = "IndicoInterface.NET", "IndicoInterface.NET\IndicoInterface.NET.csproj", "{38DBFF65-D623-48B2-8DEE-B9BB07177051}"
EndProject
Project("{FAE04EC0-301F-11D3-BF4B-00C04F79EFBC}") = "IndicoInterface.NET.Test", "IndicoInterface.NET.Test\IndicoInterface.NET.Test.csproj", "{5AF07E2A-7222-44FF-9380-A4EF0EEBAE25}"
EndProject
Global
	GlobalSection(SolutionConfigurationPlatforms) = preSolution
		Debug|Any CPU = Debug|Any CPU
		Debug|ARM = Debug|ARM
		Debug|x64 = Debug|x64
		Debug|x86 = Debug|x86
		Release|Any CPU = Release|Any CPU
		Release|ARM = Release|ARM
		Release|x64 = Release|x64
		Release|x86 = Release|x86
	EndGlobalSection
	GlobalSection(ProjectConfigurationPlatforms) = postSolution
		{38DBFF65-D623-48B2-8DEE-B9BB07177051}.Debug|Any CPU.ActiveCfg = Debug|Any CPU
		{38DBFF65-D623-48B2-8DEE-B9BB07177051}.Debug|Any CPU.Build.0 = Debug|Any CPU
		{38DBFF65-D623-48B2-8DEE-B9BB07177051}.Debug|ARM.ActiveCfg = Debug|Any CPU
		{38DBFF65-D623-48B2-8DEE-B9BB07177051}.Debug|x64.ActiveCfg = Debug|Any CPU
		{38DBFF65-D623-48B2-8DEE-B9BB07177051}.Debug|x86.ActiveCfg = Debug|Any CPU
		{38DBFF65-D623-48B2-8DEE-B9BB07177051}.Release|Any CPU.ActiveCfg = Release|Any CPU
		{38DBFF65-D623-48B2-8DEE-B9BB07177051}.Release|Any CPU.Build.0 = Release|Any CPU
		{38DBFF65-D623-48B2-8DEE-B9BB07177051}.Release|ARM.ActiveCfg = Release|Any CPU
		{38DBFF65-D623-48B2-8DEE-B9BB07177051}.Release|x64.ActiveCfg = Release|Any CPU
		{38DBFF65-D623-48B2-8DEE-B9BB07177051}.Release|x86.ActiveCfg = Release|Any CPU
		{5AF07E2A-7222-44FF-9380-A4EF0EEBAE25}.Debug|Any CPU.ActiveCfg = Debug|Any CPU
		{5AF07E2A-7222-44FF-9380-A4EF0EEBAE25}.Debug|Any CPU.Build.0 = Debug|Any CPU
		{5AF07E2A-7222-44FF-9380-A4EF0EEBAE25}.Debug|Any CPU.Deploy.0 = Debug|Any CPU
		{5AF07E2A-7222-44FF-9380-A4EF0EEBAE25}.Debug|ARM.ActiveCfg = Debug|ARM
		{5AF07E2A-7222-44FF-9380-A4EF0EEBAE25}.Debug|ARM.Build.0 = Debug|ARM
		{5AF07E2A-7222-44FF-9380-A4EF0EEBAE25}.Debug|ARM.Deploy.0 = Debug|ARM
		{5AF07E2A-7222-44FF-9380-A4EF0EEBAE25}.Debug|x64.ActiveCfg = Debug|x64
		{5AF07E2A-7222-44FF-9380-A4EF0EEBAE25}.Debug|x64.Build.0 = Debug|x64
		{5AF07E2A-7222-44FF-9380-A4EF0EEBAE25}.Debug|x64.Deploy.0 = Debug|x64
		{5AF07E2A-7222-44FF-9380-A4EF0EEBAE25}.Debug|x86.ActiveCfg = Debug|x86
		{5AF07E2A-7222-44FF-9380-A4EF0EEBAE25}.Debug|x86.Build.0 = Debug|x86
		{5AF07E2A-7222-44FF-9380-A4EF0EEBAE25}.Debug|x86.Deploy.0 = Debug|x86
		{5AF07E2A-7222-44FF-9380-A4EF0EEBAE25}.Release|Any CPU.ActiveCfg = Release|Any CPU
		{5AF07E2A-7222-44FF-9380-A4EF0EEBAE25}.Release|Any CPU.Build.0 = Release|Any CPU
		{5AF07E2A-7222-44FF-9380-A4EF0EEBAE25}.Release|Any CPU.Deploy.0 = Release|Any CPU
		{5AF07E2A-7222-44FF-9380-A4EF0EEBAE25}.Release|ARM.ActiveCfg = Release|ARM
		{5AF07E2A-7222-44FF-9380-A4EF0EEBAE25}.Release|ARM.Build.0 = Release|ARM
		{5AF07E2A-7222-44FF-9380-A4EF0EEBAE25}.Release|ARM.Deploy.0 = Release|ARM
		{5AF07E2A-7222-44FF-9380-A4EF0EEBAE25}.Release|x64.ActiveCfg = Release|x64
		{5AF07E2A-7222-44FF-9380-A4EF0EEBAE25}.Release|x64.Build.0 = Release|x64
		{5AF07E2A-7222-44FF-9380-A4EF0EEBAE25}.Release|x64.Deploy.0 = Release|x64
		{5AF07E2A-7222-44FF-9380-A4EF0EEBAE25}.Release|x86.ActiveCfg = Release|x86
		{5AF07E2A-7222-44FF-9380-A4EF0EEBAE25}.Release|x86.Build.0 = Release|x86
		{5AF07E2A-7222-44FF-9380-A4EF0EEBAE25}.Release|x86.Deploy.0 = Release|x86
	EndGlobalSection
	GlobalSection(SolutionProperties) = preSolution
		HideSolutionNode = FALSE
	EndGlobalSection
EndGlobal
